
Microsoft Visual Studio Solution File, Format Version 12.00
# Visual Studio Version 17
VisualStudioVersion = 17.9.34622.214
MinimumVisualStudioVersion = 10.0.40219.1
Project("{FAE04EC0-301F-11D3-BF4B-00C04F79EFBC}") = "Auction", "Auction\Auction.csproj", "{2A554DB5-6105-4B29-88A8-43B0C20DADED}"
EndProject
Global
	GlobalSection(SolutionConfigurationPlatforms) = preSolution
		Debug|Any CPU = Debug|Any CPU
		Release|Any CPU = Release|Any CPU
	EndGlobalSection
	GlobalSection(ProjectConfigurationPlatforms) = postSolution
		{2A554DB5-6105-4B29-88A8-43B0C20DADED}.Debug|Any CPU.ActiveCfg = Debug|Any CPU
		{2A554DB5-6105-4B29-88A8-43B0C20DADED}.Debug|Any CPU.Build.0 = Debug|Any CPU
		{2A554DB5-6105-4B29-88A8-43B0C20DADED}.Release|Any CPU.ActiveCfg = Release|Any CPU
		{2A554DB5-6105-4B29-88A8-43B0C20DADED}.Release|Any CPU.Build.0 = Release|Any CPU
	EndGlobalSection
	GlobalSection(SolutionProperties) = preSolution
		HideSolutionNode = FALSE
	EndGlobalSection
	GlobalSection(ExtensibilityGlobals) = postSolution
		SolutionGuid = {AD464D7A-7CA1-45A3-A029-2B807F7170AE}
	EndGlobalSection
EndGlobal
